// !$*UTF8*$!
{
	archiveVersion = 1;
	classes = {
	};
	objectVersion = 50;
	objects = {

/* Begin PBXBuildFile section */
		80118E7825A7830E0071E139 /* WebView.swift in Sources */ = {isa = PBXBuildFile; fileRef = 80118E7725A7830E0071E139 /* WebView.swift */; };
		807685A925922B070027558B /* Assets.xcassets in Resources */ = {isa = PBXBuildFile; fileRef = 807685A825922B070027558B /* Assets.xcassets */; };
		807685AC25922B070027558B /* Preview Assets.xcassets in Resources */ = {isa = PBXBuildFile; fileRef = 807685AB25922B070027558B /* Preview Assets.xcassets */; };
		807685BC25922B940027558B /* NetworkingManager.swift in Sources */ = {isa = PBXBuildFile; fileRef = 807685BB25922B940027558B /* NetworkingManager.swift */; };
		807685C225922BD10027558B /* RestaurantModel.swift in Sources */ = {isa = PBXBuildFile; fileRef = 807685C125922BD10027558B /* RestaurantModel.swift */; };
		807685C525922C070027558B /* Nerde_YesemApp.swift in Sources */ = {isa = PBXBuildFile; fileRef = 807685C425922C070027558B /* Nerde_YesemApp.swift */; };
		807685C825922C210027558B /* ContentView.swift in Sources */ = {isa = PBXBuildFile; fileRef = 807685C725922C210027558B /* ContentView.swift */; };
		807685CE25922C6B0027558B /* SettingsView.swift in Sources */ = {isa = PBXBuildFile; fileRef = 807685CD25922C6B0027558B /* SettingsView.swift */; };
		807685D125922C850027558B /* SettingsLabelView.swift in Sources */ = {isa = PBXBuildFile; fileRef = 807685D025922C850027558B /* SettingsLabelView.swift */; };
		807685D425922C9D0027558B /* SettingsRowView.swift in Sources */ = {isa = PBXBuildFile; fileRef = 807685D325922C9D0027558B /* SettingsRowView.swift */; };
		807685D725922CBE0027558B /* RestaurantListView.swift in Sources */ = {isa = PBXBuildFile; fileRef = 807685D625922CBE0027558B /* RestaurantListView.swift */; };
/* End PBXBuildFile section */

/* Begin PBXFileReference section */
		80118E7725A7830E0071E139 /* WebView.swift */ = {isa = PBXFileReference; lastKnownFileType = sourcecode.swift; path = WebView.swift; sourceTree = "<group>"; };
		807685A125922B060027558B /* Nerde Yesem.app */ = {isa = PBXFileReference; explicitFileType = wrapper.application; includeInIndex = 0; path = "Nerde Yesem.app"; sourceTree = BUILT_PRODUCTS_DIR; };
		807685A825922B070027558B /* Assets.xcassets */ = {isa = PBXFileReference; lastKnownFileType = folder.assetcatalog; path = Assets.xcassets; sourceTree = "<group>"; };
		807685AB25922B070027558B /* Preview Assets.xcassets */ = {isa = PBXFileReference; lastKnownFileType = folder.assetcatalog; path = "Preview Assets.xcassets"; sourceTree = "<group>"; };
		807685AD25922B070027558B /* Info.plist */ = {isa = PBXFileReference; lastKnownFileType = text.plist.xml; path = Info.plist; sourceTree = "<group>"; };
		807685BB25922B940027558B /* NetworkingManager.swift */ = {isa = PBXFileReference; lastKnownFileType = sourcecode.swift; path = NetworkingManager.swift; sourceTree = "<group>"; };
		807685C125922BD10027558B /* RestaurantModel.swift */ = {isa = PBXFileReference; lastKnownFileType = sourcecode.swift; path = RestaurantModel.swift; sourceTree = "<group>"; };
		807685C425922C070027558B /* Nerde_YesemApp.swift */ = {isa = PBXFileReference; lastKnownFileType = sourcecode.swift; path = Nerde_YesemApp.swift; sourceTree = "<group>"; };
		807685C725922C210027558B /* ContentView.swift */ = {isa = PBXFileReference; lastKnownFileType = sourcecode.swift; path = ContentView.swift; sourceTree = "<group>"; };
		807685CD25922C6B0027558B /* SettingsView.swift */ = {isa = PBXFileReference; lastKnownFileType = sourcecode.swift; path = SettingsView.swift; sourceTree = "<group>"; };
		807685D025922C850027558B /* SettingsLabelView.swift */ = {isa = PBXFileReference; lastKnownFileType = sourcecode.swift; path = SettingsLabelView.swift; sourceTree = "<group>"; };
		807685D325922C9D0027558B /* SettingsRowView.swift */ = {isa = PBXFileReference; lastKnownFileType = sourcecode.swift; path = SettingsRowView.swift; sourceTree = "<group>"; };
		807685D625922CBE0027558B /* RestaurantListView.swift */ = {isa = PBXFileReference; lastKnownFileType = sourcecode.swift; path = RestaurantListView.swift; sourceTree = "<group>"; };
/* End PBXFileReference section */

/* Begin PBXFrameworksBuildPhase section */
		8076859E25922B060027558B /* Frameworks */ = {
			isa = PBXFrameworksBuildPhase;
			buildActionMask = 2147483647;
			files = (
			);
			runOnlyForDeploymentPostprocessing = 0;
		};
/* End PBXFrameworksBuildPhase section */

/* Begin PBXGroup section */
		8076859825922B060027558B = {
			isa = PBXGroup;
			children = (
				807685A325922B060027558B /* Nerde Yesem */,
				807685A225922B060027558B /* Products */,
			);
			sourceTree = "<group>";
		};
		807685A225922B060027558B /* Products */ = {
			isa = PBXGroup;
			children = (
				807685A125922B060027558B /* Nerde Yesem.app */,
			);
			name = Products;
			sourceTree = "<group>";
		};
		807685A325922B060027558B /* Nerde Yesem */ = {
			isa = PBXGroup;
			children = (
				807685BA25922B620027558B /* Model */,
				807685B925922B580027558B /* Manager */,
				807685B825922B530027558B /* App */,
				807685B625922B470027558B /* View */,
				807685A825922B070027558B /* Assets.xcassets */,
				807685AD25922B070027558B /* Info.plist */,
				807685AA25922B070027558B /* Preview Content */,
			);
			path = "Nerde Yesem";
			sourceTree = "<group>";
		};
		807685AA25922B070027558B /* Preview Content */ = {
			isa = PBXGroup;
			children = (
				807685AB25922B070027558B /* Preview Assets.xcassets */,
			);
			path = "Preview Content";
			sourceTree = "<group>";
		};
		807685B625922B470027558B /* View */ = {
			isa = PBXGroup;
			children = (
				807685CD25922C6B0027558B /* SettingsView.swift */,
				807685D025922C850027558B /* SettingsLabelView.swift */,
				807685D325922C9D0027558B /* SettingsRowView.swift */,
				807685D625922CBE0027558B /* RestaurantListView.swift */,
				80118E7725A7830E0071E139 /* WebView.swift */,
			);
			path = View;
			sourceTree = "<group>";
		};
		807685B825922B530027558B /* App */ = {
			isa = PBXGroup;
			children = (
				807685C425922C070027558B /* Nerde_YesemApp.swift */,
				807685C725922C210027558B /* ContentView.swift */,
			);
			path = App;
			sourceTree = "<group>";
		};
		807685B925922B580027558B /* Manager */ = {
			isa = PBXGroup;
			children = (
				807685BB25922B940027558B /* NetworkingManager.swift */,
			);
			path = Manager;
			sourceTree = "<group>";
		};
		807685BA25922B620027558B /* Model */ = {
			isa = PBXGroup;
			children = (
				807685C125922BD10027558B /* RestaurantModel.swift */,
			);
			path = Model;
			sourceTree = "<group>";
		};
/* End PBXGroup section */

/* Begin PBXNativeTarget section */
		807685A025922B060027558B /* Nerde Yesem */ = {
			isa = PBXNativeTarget;
			buildConfigurationList = 807685B025922B070027558B /* Build configuration list for PBXNativeTarget "Nerde Yesem" */;
			buildPhases = (
				8076859D25922B060027558B /* Sources */,
				8076859E25922B060027558B /* Frameworks */,
				8076859F25922B060027558B /* Resources */,
			);
			buildRules = (
			);
			dependencies = (
			);
			name = "Nerde Yesem";
			productName = "Nerde Yesem";
			productReference = 807685A125922B060027558B /* Nerde Yesem.app */;
			productType = "com.apple.product-type.application";
		};
/* End PBXNativeTarget section */

/* Begin PBXProject section */
		8076859925922B060027558B /* Project object */ = {
			isa = PBXProject;
			attributes = {
				LastSwiftUpdateCheck = 1230;
				LastUpgradeCheck = 1230;
				TargetAttributes = {
					807685A025922B060027558B = {
						CreatedOnToolsVersion = 12.3;
						LastSwiftMigration = 1230;
					};
				};
			};
			buildConfigurationList = 8076859C25922B060027558B /* Build configuration list for PBXProject "Nerde Yesem" */;
			compatibilityVersion = "Xcode 9.3";
			developmentRegion = en;
			hasScannedForEncodings = 0;
			knownRegions = (
				en,
				Base,
			);
			mainGroup = 8076859825922B060027558B;
			productRefGroup = 807685A225922B060027558B /* Products */;
			projectDirPath = "";
			projectRoot = "";
			targets = (
				807685A025922B060027558B /* Nerde Yesem */,
			);
		};
/* End PBXProject section */

/* Begin PBXResourcesBuildPhase section */
		8076859F25922B060027558B /* Resources */ = {
			isa = PBXResourcesBuildPhase;
			buildActionMask = 2147483647;
			files = (
				807685AC25922B070027558B /* Preview Assets.xcassets in Resources */,
				807685A925922B070027558B /* Assets.xcassets in Resources */,
			);
			runOnlyForDeploymentPostprocessing = 0;
		};
/* End PBXResourcesBuildPhase section */

/* Begin PBXSourcesBuildPhase section */
		8076859D25922B060027558B /* Sources */ = {
			isa = PBXSourcesBuildPhase;
			buildActionMask = 2147483647;
			files = (
				807685CE25922C6B0027558B /* SettingsView.swift in Sources */,
				807685C525922C070027558B /* Nerde_YesemApp.swift in Sources */,
				807685C825922C210027558B /* ContentView.swift in Sources */,
				807685D725922CBE0027558B /* RestaurantListView.swift in Sources */,
				807685C225922BD10027558B /* RestaurantModel.swift in Sources */,
				807685D125922C850027558B /* SettingsLabelView.swift in Sources */,
				807685BC25922B940027558B /* NetworkingManager.swift in Sources */,
				807685D425922C9D0027558B /* SettingsRowView.swift in Sources */,
				80118E7825A7830E0071E139 /* WebView.swift in Sources */,
			);
			runOnlyForDeploymentPostprocessing = 0;
		};
/* End PBXSourcesBuildPhase section */

/* Begin XCBuildConfiguration section */
		807685AE25922B070027558B /* Debug */ = {
			isa = XCBuildConfiguration;
			buildSettings = {
				ALWAYS_SEARCH_USER_PATHS = NO;
				CLANG_ANALYZER_NONNULL = YES;
				CLANG_ANALYZER_NUMBER_OBJECT_CONVERSION = YES_AGGRESSIVE;
				CLANG_CXX_LANGUAGE_STANDARD = "gnu++14";
				CLANG_CXX_LIBRARY = "libc++";
				CLANG_ENABLE_MODULES = YES;
				CLANG_ENABLE_OBJC_ARC = YES;
				CLANG_ENABLE_OBJC_WEAK = YES;
				CLANG_WARN_BLOCK_CAPTURE_AUTORELEASING = YES;
				CLANG_WARN_BOOL_CONVERSION = YES;
				CLANG_WARN_COMMA = YES;
				CLANG_WARN_CONSTANT_CONVERSION = YES;
				CLANG_WARN_DEPRECATED_OBJC_IMPLEMENTATIONS = YES;
				CLANG_WARN_DIRECT_OBJC_ISA_USAGE = YES_ERROR;
				CLANG_WARN_DOCUMENTATION_COMMENTS = YES;
				CLANG_WARN_EMPTY_BODY = YES;
				CLANG_WARN_ENUM_CONVERSION = YES;
				CLANG_WARN_INFINITE_RECURSION = YES;
				CLANG_WARN_INT_CONVERSION = YES;
				CLANG_WARN_NON_LITERAL_NULL_CONVERSION = YES;
				CLANG_WARN_OBJC_IMPLICIT_RETAIN_SELF = YES;
				CLANG_WARN_OBJC_LITERAL_CONVERSION = YES;
				CLANG_WARN_OBJC_ROOT_CLASS = YES_ERROR;
				CLANG_WARN_QUOTED_INCLUDE_IN_FRAMEWORK_HEADER = YES;
				CLANG_WARN_RANGE_LOOP_ANALYSIS = YES;
				CLANG_WARN_STRICT_PROTOTYPES = YES;
				CLANG_WARN_SUSPICIOUS_MOVE = YES;
				CLANG_WARN_UNGUARDED_AVAILABILITY = YES_AGGRESSIVE;
				CLANG_WARN_UNREACHABLE_CODE = YES;
				CLANG_WARN__DUPLICATE_METHOD_MATCH = YES;
				COPY_PHASE_STRIP = NO;
				DEBUG_INFORMATION_FORMAT = dwarf;
				ENABLE_STRICT_OBJC_MSGSEND = YES;
				ENABLE_TESTABILITY = YES;
				GCC_C_LANGUAGE_STANDARD = gnu11;
				GCC_DYNAMIC_NO_PIC = NO;
				GCC_NO_COMMON_BLOCKS = YES;
				GCC_OPTIMIZATION_LEVEL = 0;
				GCC_PREPROCESSOR_DEFINITIONS = (
					"DEBUG=1",
					"$(inherited)",
				);
				GCC_WARN_64_TO_32_BIT_CONVERSION = YES;
				GCC_WARN_ABOUT_RETURN_TYPE = YES_ERROR;
				GCC_WARN_UNDECLARED_SELECTOR = YES;
				GCC_WARN_UNINITIALIZED_AUTOS = YES_AGGRESSIVE;
				GCC_WARN_UNUSED_FUNCTION = YES;
				GCC_WARN_UNUSED_VARIABLE = YES;
				IPHONEOS_DEPLOYMENT_TARGET = 14.3;
				MTL_ENABLE_DEBUG_INFO = INCLUDE_SOURCE;
				MTL_FAST_MATH = YES;
				ONLY_ACTIVE_ARCH = YES;
				SDKROOT = iphoneos;
				SWIFT_ACTIVE_COMPILATION_CONDITIONS = DEBUG;
				SWIFT_OPTIMIZATION_LEVEL = "-Onone";
			};
			name = Debug;
		};
		807685AF25922B070027558B /* Release */ = {
			isa = XCBuildConfiguration;
			buildSettings = {
				ALWAYS_SEARCH_USER_PATHS = NO;
				CLANG_ANALYZER_NONNULL = YES;
				CLANG_ANALYZER_NUMBER_OBJECT_CONVERSION = YES_AGGRESSIVE;
				CLANG_CXX_LANGUAGE_STANDARD = "gnu++14";
				CLANG_CXX_LIBRARY = "libc++";
				CLANG_ENABLE_MODULES = YES;
				CLANG_ENABLE_OBJC_ARC = YES;
				CLANG_ENABLE_OBJC_WEAK = YES;
				CLANG_WARN_BLOCK_CAPTURE_AUTORELEASING = YES;
				CLANG_WARN_BOOL_CONVERSION = YES;
				CLANG_WARN_COMMA = YES;
				CLANG_WARN_CONSTANT_CONVERSION = YES;
				CLANG_WARN_DEPRECATED_OBJC_IMPLEMENTATIONS = YES;
				CLANG_WARN_DIRECT_OBJC_ISA_USAGE = YES_ERROR;
				CLANG_WARN_DOCUMENTATION_COMMENTS = YES;
				CLANG_WARN_EMPTY_BODY = YES;
				CLANG_WARN_ENUM_CONVERSION = YES;
				CLANG_WARN_INFINITE_RECURSION = YES;
				CLANG_WARN_INT_CONVERSION = YES;
				CLANG_WARN_NON_LITERAL_NULL_CONVERSION = YES;
				CLANG_WARN_OBJC_IMPLICIT_RETAIN_SELF = YES;
				CLANG_WARN_OBJC_LITERAL_CONVERSION = YES;
				CLANG_WARN_OBJC_ROOT_CLASS = YES_ERROR;
				CLANG_WARN_QUOTED_INCLUDE_IN_FRAMEWORK_HEADER = YES;
				CLANG_WARN_RANGE_LOOP_ANALYSIS = YES;
				CLANG_WARN_STRICT_PROTOTYPES = YES;
				CLANG_WARN_SUSPICIOUS_MOVE = YES;
				CLANG_WARN_UNGUARDED_AVAILABILITY = YES_AGGRESSIVE;
				CLANG_WARN_UNREACHABLE_CODE = YES;
				CLANG_WARN__DUPLICATE_METHOD_MATCH = YES;
				COPY_PHASE_STRIP = NO;
				DEBUG_INFORMATION_FORMAT = "dwarf-with-dsym";
				ENABLE_NS_ASSERTIONS = NO;
				ENABLE_STRICT_OBJC_MSGSEND = YES;
				GCC_C_LANGUAGE_STANDARD = gnu11;
				GCC_NO_COMMON_BLOCKS = YES;
				GCC_WARN_64_TO_32_BIT_CONVERSION = YES;
				GCC_WARN_ABOUT_RETURN_TYPE = YES_ERROR;
				GCC_WARN_UNDECLARED_SELECTOR = YES;
				GCC_WARN_UNINITIALIZED_AUTOS = YES_AGGRESSIVE;
				GCC_WARN_UNUSED_FUNCTION = YES;
				GCC_WARN_UNUSED_VARIABLE = YES;
				IPHONEOS_DEPLOYMENT_TARGET = 14.3;
				MTL_ENABLE_DEBUG_INFO = NO;
				MTL_FAST_MATH = YES;
				SDKROOT = iphoneos;
				SWIFT_COMPILATION_MODE = wholemodule;
				SWIFT_OPTIMIZATION_LEVEL = "-O";
				VALIDATE_PRODUCT = YES;
			};
			name = Release;
		};
		807685B125922B070027558B /* Debug */ = {
			isa = XCBuildConfiguration;
			buildSettings = {
				ASSETCATALOG_COMPILER_APPICON_NAME = AppIcon;
				ASSETCATALOG_COMPILER_GLOBAL_ACCENT_COLOR_NAME = AccentColor;
				CLANG_ENABLE_MODULES = YES;
				CODE_SIGN_STYLE = Automatic;
				DEVELOPMENT_ASSET_PATHS = "\"Nerde Yesem/Preview Content\"";
				DEVELOPMENT_TEAM = K7V729Z2HA;
				ENABLE_PREVIEWS = YES;
				INFOPLIST_FILE = "Nerde Yesem/Info.plist";
				IPHONEOS_DEPLOYMENT_TARGET = 14.0;
				LD_RUNPATH_SEARCH_PATHS = (
					"$(inherited)",
					"@executable_path/Frameworks",
				);
				PRODUCT_BUNDLE_IDENTIFIER = "com.berkecankandemir.Nerde-Yesem";
				PRODUCT_NAME = "$(TARGET_NAME)";
				SWIFT_OPTIMIZATION_LEVEL = "-Onone";
				SWIFT_VERSION = 5.0;
				TARGETED_DEVICE_FAMILY = "1,2";
			};
			name = Debug;
		};
		807685B225922B070027558B /* Release */ = {
			isa = XCBuildConfiguration;
			buildSettings = {
				ASSETCATALOG_COMPILER_APPICON_NAME = AppIcon;
				ASSETCATALOG_COMPILER_GLOBAL_ACCENT_COLOR_NAME = AccentColor;
				CLANG_ENABLE_MODULES = YES;
				CODE_SIGN_STYLE = Automatic;
				DEVELOPMENT_ASSET_PATHS = "\"Nerde Yesem/Preview Content\"";
				DEVELOPMENT_TEAM = K7V729Z2HA;
				ENABLE_PREVIEWS = YES;
				INFOPLIST_FILE = "Nerde Yesem/Info.plist";
				IPHONEOS_DEPLOYMENT_TARGET = 14.0;
				LD_RUNPATH_SEARCH_PATHS = (
					"$(inherited)",
					"@executable_path/Frameworks",
				);
				PRODUCT_BUNDLE_IDENTIFIER = "com.berkecankandemir.Nerde-Yesem";
				PRODUCT_NAME = "$(TARGET_NAME)";
				SWIFT_VERSION = 5.0;
				TARGETED_DEVICE_FAMILY = "1,2";
			};
			name = Release;
		};
/* End XCBuildConfiguration section */

/* Begin XCConfigurationList section */
		8076859C25922B060027558B /* Build configuration list for PBXProject "Nerde Yesem" */ = {
			isa = XCConfigurationList;
			buildConfigurations = (
				807685AE25922B070027558B /* Debug */,
				807685AF25922B070027558B /* Release */,
			);
			defaultConfigurationIsVisible = 0;
			defaultConfigurationName = Release;
		};
		807685B025922B070027558B /* Build configuration list for PBXNativeTarget "Nerde Yesem" */ = {
			isa = XCConfigurationList;
			buildConfigurations = (
				807685B125922B070027558B /* Debug */,
				807685B225922B070027558B /* Release */,
			);
			defaultConfigurationIsVisible = 0;
			defaultConfigurationName = Release;
		};
/* End XCConfigurationList section */
	};
	rootObject = 8076859925922B060027558B /* Project object */;
}
